{
    "_readme": [
        "This file locks the dependencies of your project to a known state",
        "Read more about it at https://getcomposer.org/doc/01-basic-usage.md#composer-lock-the-lock-file",
        "This file is @generated automatically"
    ],
    "hash": "2cb05f598c2fa4d248a09ff1de754f68",
    "content-hash": "f7a8f3083a51c8f6c68626d1668e6b16",
    "packages": [
        {
            "name": "bixie/blogposts",
            "version": "1.0.0",
            "dist": {
                "type": "zip",
                "url": "https://pagekit.com/package/bixie/blogposts/1.0.0.zip",
                "reference": null,
                "shasum": "2f525ed70b8b81bd94ca47b124a60dbe25ba08d2"
            },
            "type": "pagekit-extension",
            "extra": {
                "icon": "icon.svg"
            },
            "license": [
                "MIT"
            ],
            "authors": [
                {
                    "name": "Bixie",
                    "email": "info@bixie.org",
                    "homepage": "http://www.bixie.org"
                }
            ],
            "description": "Show the latest blog posts in a widget."
        },
        {
            "name": "bixie/formmaker",
            "version": "1.4.4",
            "dist": {
                "type": "zip",
                "url": "https://pagekit.com/package/bixie/formmaker/1.4.4.zip",
                "reference": null,
                "shasum": "db94787ec46dfb74f6034635a256a64526e3076a"
            },
            "require": {
                "google/recaptcha": "~1.1"
            },
            "type": "pagekit-extension",
            "extra": {
                "icon": "icon.svg",
                "scripts": "scripts.php"
            },
            "license": [
                "MIT"
            ],
            "authors": [
                {
                    "name": "Bixie",
                    "email": "info@bixie.org",
                    "homepage": "http://formmaker.bixie.org"
                }
            ],
            "description": "Create forms in your Pagekit site. Build forms and manage the submissions. Requires the Bixie Framework, available on the Pagekit Marketplace."
        },
        {
            "name": "bixie/mailchimp",
            "version": "1.0.0",
            "dist": {
                "type": "zip",
                "url": "https://pagekit.com/package/bixie/mailchimp/1.0.0.zip",
                "reference": null,
                "shasum": "99ce9e2b2d92476211e595dbb1631e6b452c271d"
            },
            "require": {
                "mailchimp/mailchimp": "~2.0.6"
            },
            "type": "pagekit-extension",
            "extra": {
                "icon": "icon.svg"
            },
            "license": [
                "MIT"
            ],
            "authors": [
                {
                    "name": "Bixie",
                    "email": "info@bixie.org",
                    "homepage": "http://www.bixie.org"
                }
            ],
            "description": "The Bixie Mailchimp widget shows a subscription form for Mailchimp mailing lists."
        },
        {
            "name": "google/recaptcha",
            "version": "1.2.2",
            "source": {
                "type": "git",
                "url": "https://github.com/google/recaptcha.git",
                "reference": "c4a17d6af648d4f3814430cd103cba50b75b571c"
            },
            "dist": {
                "type": "zip",
                "url": "https://api.github.com/repos/google/recaptcha/zipball/c4a17d6af648d4f3814430cd103cba50b75b571c",
                "reference": "c4a17d6af648d4f3814430cd103cba50b75b571c",
                "shasum": ""
            },
            "require": {
                "php": ">=5.5"
            },
            "require-dev": {
                "friendsofphp/php-cs-fixer": "^2.2.20|^2.15",
                "php-coveralls/php-coveralls": "^2.1",
                "phpunit/phpunit": "^4.8.36|^5.7.27|^6.59|^7.5.11"
            },
            "type": "library",
            "extra": {
                "branch-alias": {
                    "dev-master": "1.2.x-dev"
                }
            },
            "autoload": {
                "psr-4": {
                    "ReCaptcha\\": "src/ReCaptcha"
                }
            },
            "license": [
                "BSD-3-Clause"
            ],
            "description": "Client library for reCAPTCHA, a free service that protects websites from spam and abuse.",
            "homepage": "https://www.google.com/recaptcha/",
            "keywords": [
                "Abuse",
                "captcha",
                "recaptcha",
                "spam"
            ],
            "time": "2019-05-24 12:44:03"
        },
        {
            "name": "mailchimp/mailchimp",
            "version": "2.0.6",
            "source": {
                "type": "git",
                "url": "https://bitbucket.org/mailchimp/mailchimp-api-php.git",
                "reference": "7ac99b5ac746d5875c5c350ad7e3b83674c83ec1"
            },
            "dist": {
                "type": "zip",
                "url": "https://bitbucket.org/mailchimp/mailchimp-api-php/get/7ac99b5ac746d5875c5c350ad7e3b83674c83ec1.zip",
                "reference": "7ac99b5ac746d5875c5c350ad7e3b83674c83ec1",
                "shasum": ""
            },
            "require": {
                "php": ">=5.2.0"
            },
            "require-dev": {
                "apigen/apigen": "dev-master"
            },
            "type": "library",
            "autoload": {
                "psr-0": {
                    "Mailchimp": "src/"
                }
            },
            "license": [
                "MIT"
            ],
            "authors": [
                {
                    "name": "MailChimp Devs",
                    "email": "api@mailchimp.com",
                    "homepage": "http://mailchimp.com",
                    "role": "Developer"
                }
            ],
            "description": "API client library for the MailChimp bulk email as a service platform",
            "homepage": "https://bitbucket.org/mailchimp/mailchimp-api-php",
            "keywords": [
                "api",
                "email"
            ],
            "time": "2014-10-30 20:38:12"
        },
        {
            "name": "pagekit/blog",
            "version": "1.0.7",
            "dist": {
                "type": "zip",
                "url": "https://pagekit.com/package/pagekit/blog/1.0.7.zip",
                "reference": null,
                "shasum": "690786ff41645c25d7c180a3781ddc51205bb0ad"
            },
            "archive": {
                "exclude": [
                    "node_modules",
                    "!/app"
                ]
            },
            "type": "pagekit-extension",
            "extra": {
                "icon": "icon.svg",
                "scripts": "scripts.php"
            },
            "license": [
                "MIT"
            ],
            "authors": [
                {
                    "name": "Pagekit",
                    "email": "info@pagekit.com",
                    "homepage": "http://pagekit.com"
                }
            ],
            "description": "A blog extensions with a built-in comment system."
        },
        {
            "name": "pagekit/theme-one",
            "version": "1.0.1",
            "dist": {
                "type": "zip",
                "url": "https://pagekit.com/package/pagekit/theme-one/1.0.1.zip",
                "reference": null,
                "shasum": "2acaae7558661bdf71b7cea03055069d02e8d47c"
            },
            "archive": {
                "exclude": [
                    "!/app",
                    "!/css",
                    "/app/assets"
                ]
            },
            "type": "pagekit-theme",
            "extra": {
                "image": "image.jpg"
            },
            "license": [
                "MIT"
            ],
            "authors": [
                {
                    "name": "Pagekit",
                    "email": "info@pagekit.com",
                    "homepage": "http://pagekit.com"
                }
            ],
            "description": "Pagekit's default theme."
        }
    ],
    "packages-dev": [],
    "aliases": [],
    "minimum-stability": "stable",
    "stability-flags": [],
    "prefer-stable": false,
    "prefer-lowest": false,
    "platform": [],
    "platform-dev": []
}
